<Solution>
  <Folder Name="/A端/">
    <Project Path="A端/ControlCenter/ControlCenter.csproj" />
  </Folder>
  <Folder Name="/B端/">
    <Project Path="B端/RemoteAgent/RemoteAgent.csproj" />
  </Folder>
  <Folder Name="/Shared/">
    <Project Path="Shared/RemoteControl.Shared/RemoteControl.Shared.csproj" />
  </Folder>
  <Folder Name="/Tests/">
    <Project Path="Tests/RemoteControl.Shared.Tests/RemoteControl.Shared.Tests.csproj" />
  </Folder>
</Solution>
